{
  "version": 4,
  "terraform_version": "1.10.0",
  "serial": 114,
  "lineage": "6fc83fc1-6460-948e-7974-8b7df6482cad",
  "outputs": {},
  "resources": [
    {
      "module": "module.cvm",
      "mode": "managed",
      "type": "tencentcloud_security_group",
      "name": "web_sg",
      "provider": "module.cvm.provider[\"registry.terraform.io/tencentcloudstack/tencentcloud\"]",
      "instances": [
        {
          "schema_version": 0,
          "attributes": {
            "description": "make it accessible for both production and stage ports",
            "id": "sg-65wqsb6f",
            "name": "web-sg",
            "project_id": 0,
            "tags": {}
          },
          "sensitive_attributes": [],
          "private": "bnVsbA=="
        }
      ]
    },
    {
      "module": "module.cvm",
      "mode": "managed",
      "type": "tencentcloud_security_group_rule",
      "name": "icmp",
      "provider": "module.cvm.provider[\"registry.terraform.io/tencentcloudstack/tencentcloud\"]",
      "instances": [
        {
          "schema_version": 0,
          "attributes": {
            "address_template": [],
            "cidr_ip": "0.0.0.0/0",
            "description": "",
            "id": "eyJzZ19pZCI6InNnLTY1d3FzYjZmIiwicG9saWN5X3R5cGUiOiJpbmdyZXNzIiwiY2lkcl9pcCI6IjAuMC4wLjAvMCIsInByb3RvY29sIjoiaWNtcCIsInBvcnRfcmFuZ2UiOiJBTEwiLCJhY3Rpb24iOiJhY2NlcHQiLCJzb3VyY2Vfc2dfaWQiOiIiLCJkZXNjcmlwdGlvbiI6IiJ9",
            "ip_protocol": "icmp",
            "policy": "accept",
            "policy_index": null,
            "port_range": "ALL",
            "protocol_template": [],
            "security_group_id": "sg-65wqsb6f",
            "source_sgid": null,
            "type": "ingress"
          },
          "sensitive_attributes": [],
          "private": "bnVsbA==",
          "dependencies": [
            "module.cvm.tencentcloud_security_group.web_sg"
          ]
        }
      ]
    },
    {
      "module": "module.cvm",
      "mode": "managed",
      "type": "tencentcloud_security_group_rule",
      "name": "thanos_grpc",
      "provider": "module.cvm.provider[\"registry.terraform.io/tencentcloudstack/tencentcloud\"]",
      "instances": [
        {
          "schema_version": 0,
          "attributes": {
            "address_template": [],
            "cidr_ip": "0.0.0.0/0",
            "description": "",
            "id": "eyJzZ19pZCI6InNnLTY1d3FzYjZmIiwicG9saWN5X3R5cGUiOiJpbmdyZXNzIiwiY2lkcl9pcCI6IjAuMC4wLjAvMCIsInByb3RvY29sIjoidGNwIiwicG9ydF9yYW5nZSI6IjMwOTAxIiwiYWN0aW9uIjoiYWNjZXB0Iiwic291cmNlX3NnX2lkIjoiIiwiZGVzY3JpcHRpb24iOiIifQ==",
            "ip_protocol": "tcp",
            "policy": "accept",
            "policy_index": null,
            "port_range": "30901",
            "protocol_template": [],
            "security_group_id": "sg-65wqsb6f",
            "source_sgid": null,
            "type": "ingress"
          },
          "sensitive_attributes": [],
          "private": "bnVsbA==",
          "dependencies": [
            "module.cvm.tencentcloud_security_group.web_sg"
          ]
        }
      ]
    },
    {
      "module": "module.cvm",
      "mode": "managed",
      "type": "tencentcloud_security_group_rule",
      "name": "thanos_http",
      "provider": "module.cvm.provider[\"registry.terraform.io/tencentcloudstack/tencentcloud\"]",
      "instances": [
        {
          "schema_version": 0,
          "attributes": {
            "address_template": [],
            "cidr_ip": "0.0.0.0/0",
            "description": "",
            "id": "eyJzZ19pZCI6InNnLTY1d3FzYjZmIiwicG9saWN5X3R5cGUiOiJpbmdyZXNzIiwiY2lkcl9pcCI6IjAuMC4wLjAvMCIsInByb3RvY29sIjoidGNwIiwicG9ydF9yYW5nZSI6IjMwOTAyIiwiYWN0aW9uIjoiYWNjZXB0Iiwic291cmNlX3NnX2lkIjoiIiwiZGVzY3JpcHRpb24iOiIifQ==",
            "ip_protocol": "tcp",
            "policy": "accept",
            "policy_index": null,
            "port_range": "30902",
            "protocol_template": [],
            "security_group_id": "sg-65wqsb6f",
            "source_sgid": null,
            "type": "ingress"
          },
          "sensitive_attributes": [],
          "private": "bnVsbA==",
          "dependencies": [
            "module.cvm.tencentcloud_security_group.web_sg"
          ]
        }
      ]
    }
  ],
  "check_results": null
}
